
Microsoft Visual Studio Solution File, Format Version 12.00
# Visual Studio Version 17
VisualStudioVersion = 17.12.35527.113
MinimumVisualStudioVersion = 10.0.40219.1
Project("{FAE04EC0-301F-11D3-BF4B-00C04F79EFBC}") = "Api", "Api.csproj", "{7E4C3DD9-256F-4E53-A841-4A969E2FC8FB}"
EndProject
Project("{FAE04EC0-301F-11D3-BF4B-00C04F79EFBC}") = "Core", "..\Core\Core.csproj", "{66E7AF09-B205-45F2-8ED1-B2EAB7B6C648}"
EndProject
Project("{FAE04EC0-301F-11D3-BF4B-00C04F79EFBC}") = "Infra", "..\Infra\Infra.csproj", "{8E93A9F3-0F79-46F9-8E28-F68D05173436}"
EndProject
Global
	GlobalSection(SolutionConfigurationPlatforms) = preSolution
		Debug|Any CPU = Debug|Any CPU
		Release|Any CPU = Release|Any CPU
	EndGlobalSection
	GlobalSection(ProjectConfigurationPlatforms) = postSolution
		{7E4C3DD9-256F-4E53-A841-4A969E2FC8FB}.Debug|Any CPU.ActiveCfg = Debug|Any CPU
		{7E4C3DD9-256F-4E53-A841-4A969E2FC8FB}.Debug|Any CPU.Build.0 = Debug|Any CPU
		{7E4C3DD9-256F-4E53-A841-4A969E2FC8FB}.Release|Any CPU.ActiveCfg = Release|Any CPU
		{7E4C3DD9-256F-4E53-A841-4A969E2FC8FB}.Release|Any CPU.Build.0 = Release|Any CPU
		{66E7AF09-B205-45F2-8ED1-B2EAB7B6C648}.Debug|Any CPU.ActiveCfg = Debug|Any CPU
		{66E7AF09-B205-45F2-8ED1-B2EAB7B6C648}.Debug|Any CPU.Build.0 = Debug|Any CPU
		{66E7AF09-B205-45F2-8ED1-B2EAB7B6C648}.Release|Any CPU.ActiveCfg = Release|Any CPU
		{66E7AF09-B205-45F2-8ED1-B2EAB7B6C648}.Release|Any CPU.Build.0 = Release|Any CPU
		{8E93A9F3-0F79-46F9-8E28-F68D05173436}.Debug|Any CPU.ActiveCfg = Debug|Any CPU
		{8E93A9F3-0F79-46F9-8E28-F68D05173436}.Debug|Any CPU.Build.0 = Debug|Any CPU
		{8E93A9F3-0F79-46F9-8E28-F68D05173436}.Release|Any CPU.ActiveCfg = Release|Any CPU
		{8E93A9F3-0F79-46F9-8E28-F68D05173436}.Release|Any CPU.Build.0 = Release|Any CPU
	EndGlobalSection
	GlobalSection(SolutionProperties) = preSolution
		HideSolutionNode = FALSE
	EndGlobalSection
EndGlobal
